
Microsoft Visual Studio Solution File, Format Version 12.00
# Visual Studio Version 17
VisualStudioVersion = 17.7.34202.233
MinimumVisualStudioVersion = 10.0.40219.1
Project("{888888A0-9F3D-457C-B088-3A5042F75D52}") = "BlackJackGame", "BlackJackGame.pyproj", "{0F64DD82-9AE4-4EDF-AFF6-CEBF92C24ACD}"
EndProject
Global
	GlobalSection(SolutionConfigurationPlatforms) = preSolution
		Debug|Any CPU = Debug|Any CPU
		Release|Any CPU = Release|Any CPU
	EndGlobalSection
	GlobalSection(ProjectConfigurationPlatforms) = postSolution
		{0F64DD82-9AE4-4EDF-AFF6-CEBF92C24ACD}.Debug|Any CPU.ActiveCfg = Debug|Any CPU
		{0F64DD82-9AE4-4EDF-AFF6-CEBF92C24ACD}.Release|Any CPU.ActiveCfg = Release|Any CPU
	EndGlobalSection
	GlobalSection(SolutionProperties) = preSolution
		HideSolutionNode = FALSE
	EndGlobalSection
	GlobalSection(ExtensibilityGlobals) = postSolution
		SolutionGuid = {80DD1A82-9500-439B-93D3-FD16F8497634}
	EndGlobalSection
EndGlobal
